PODS:
  - XYXLLogining (0.1.0):
    - XYXLNetworking
  - XYXLNetworking (0.1.0)

DEPENDENCIES:
  - XYXLLogining (from `Lib/XYXLLogining`)
  - XYXLNetworking

SPEC REPOS:
  trunk:
    - XYXLNetworking

EXTERNAL SOURCES:
  XYXLLogining:
    :path: Lib/XYXLLogining

SPEC CHECKSUMS:
  XYXLLogining: 716d6fa93d580bed852bdbd34bb142ced9efe986
  XYXLNetworking: d7463be746df495c658bd067bdbdc53b5c3709b1

PODFILE CHECKSUM: bfded7a47536832d61439ff2ef82d14ea10aec20

COCOAPODS: 1.9.0.beta.2
